// !$*UTF8*$!
{
	archiveVersion = 1;
	classes = {
	};
	objectVersion = 55;
	objects = {

/* Begin PBXBuildFile section */
		EF1AD8772776BE6C00B47C31 /* Assets.xcassets in Resources */ = {isa = PBXBuildFile; fileRef = EF1AD8752776BE6C00B47C31 /* Assets.xcassets */; };
		EF1AD8792776C4DB00B47C31 /* BulletExplosion.sks in Resources */ = {isa = PBXBuildFile; fileRef = EF1AD8782776C4DB00B47C31 /* BulletExplosion.sks */; };
		EF1AD87B2776C59300B47C31 /* ParticlePool.swift in Sources */ = {isa = PBXBuildFile; fileRef = EF1AD87A2776C59300B47C31 /* ParticlePool.swift */; };
		EFDFA8402773E1B400F04C77 /* AppDelegate.swift in Sources */ = {isa = PBXBuildFile; fileRef = EFDFA83F2773E1B400F04C77 /* AppDelegate.swift */; };
		EFDFA8422773E1B400F04C77 /* GameScene.sks in Resources */ = {isa = PBXBuildFile; fileRef = EFDFA8412773E1B400F04C77 /* GameScene.sks */; };
		EFDFA8442773E1B400F04C77 /* Actions.sks in Resources */ = {isa = PBXBuildFile; fileRef = EFDFA8432773E1B400F04C77 /* Actions.sks */; };
		EFDFA8462773E1B400F04C77 /* GameScene.swift in Sources */ = {isa = PBXBuildFile; fileRef = EFDFA8452773E1B400F04C77 /* GameScene.swift */; };
		EFDFA8482773E1B400F04C77 /* GameViewController.swift in Sources */ = {isa = PBXBuildFile; fileRef = EFDFA8472773E1B400F04C77 /* GameViewController.swift */; };
		EFDFA84B2773E1B400F04C77 /* Main.storyboard in Resources */ = {isa = PBXBuildFile; fileRef = EFDFA8492773E1B400F04C77 /* Main.storyboard */; };
		EFDFA84D2773E1B400F04C77 /* Assets.xcassets in Resources */ = {isa = PBXBuildFile; fileRef = EFDFA84C2773E1B400F04C77 /* Assets.xcassets */; };
		EFDFA8502773E1B400F04C77 /* LaunchScreen.storyboard in Resources */ = {isa = PBXBuildFile; fileRef = EFDFA84E2773E1B400F04C77 /* LaunchScreen.storyboard */; };
		EFDFA8572773E28D00F04C77 /* GameSprite.swift in Sources */ = {isa = PBXBuildFile; fileRef = EFDFA8562773E28D00F04C77 /* GameSprite.swift */; };
		EFDFA8592773E9D500F04C77 /* Player1.swift in Sources */ = {isa = PBXBuildFile; fileRef = EFDFA8582773E9D500F04C77 /* Player1.swift */; };
		EFDFA85B2774CBCE00F04C77 /* ArenaBoundary.swift in Sources */ = {isa = PBXBuildFile; fileRef = EFDFA85A2774CBCE00F04C77 /* ArenaBoundary.swift */; };
		EFDFA85D2775280600F04C77 /* Player2.swift in Sources */ = {isa = PBXBuildFile; fileRef = EFDFA85C2775280600F04C77 /* Player2.swift */; };
		EFDFA85F2775700E00F04C77 /* Bullet.swift in Sources */ = {isa = PBXBuildFile; fileRef = EFDFA85E2775700E00F04C77 /* Bullet.swift */; };
		EFDFA8612776670300F04C77 /* MenuScene.swift in Sources */ = {isa = PBXBuildFile; fileRef = EFDFA8602776670300F04C77 /* MenuScene.swift */; };
/* End PBXBuildFile section */

/* Begin PBXFileReference section */
		EF1AD8752776BE6C00B47C31 /* Assets.xcassets */ = {isa = PBXFileReference; lastKnownFileType = folder.assetcatalog; name = Assets.xcassets; path = ../Assets.xcassets; sourceTree = "<group>"; };
		EF1AD8782776C4DB00B47C31 /* BulletExplosion.sks */ = {isa = PBXFileReference; lastKnownFileType = file.sks; path = BulletExplosion.sks; sourceTree = "<group>"; };
		EF1AD87A2776C59300B47C31 /* ParticlePool.swift */ = {isa = PBXFileReference; lastKnownFileType = sourcecode.swift; path = ParticlePool.swift; sourceTree = "<group>"; };
		EFDFA83C2773E1B400F04C77 /* MainGame.app */ = {isa = PBXFileReference; explicitFileType = wrapper.application; includeInIndex = 0; path = MainGame.app; sourceTree = BUILT_PRODUCTS_DIR; };
		EFDFA83F2773E1B400F04C77 /* AppDelegate.swift */ = {isa = PBXFileReference; lastKnownFileType = sourcecode.swift; path = AppDelegate.swift; sourceTree = "<group>"; };
		EFDFA8412773E1B400F04C77 /* GameScene.sks */ = {isa = PBXFileReference; lastKnownFileType = file.sks; path = GameScene.sks; sourceTree = "<group>"; };
		EFDFA8432773E1B400F04C77 /* Actions.sks */ = {isa = PBXFileReference; lastKnownFileType = file.sks; path = Actions.sks; sourceTree = "<group>"; };
		EFDFA8452773E1B400F04C77 /* GameScene.swift */ = {isa = PBXFileReference; lastKnownFileType = sourcecode.swift; path = GameScene.swift; sourceTree = "<group>"; };
		EFDFA8472773E1B400F04C77 /* GameViewController.swift */ = {isa = PBXFileReference; lastKnownFileType = sourcecode.swift; path = GameViewController.swift; sourceTree = "<group>"; };
		EFDFA84A2773E1B400F04C77 /* Base */ = {isa = PBXFileReference; lastKnownFileType = file.storyboard; name = Base; path = Base.lproj/Main.storyboard; sourceTree = "<group>"; };
		EFDFA84C2773E1B400F04C77 /* Assets.xcassets */ = {isa = PBXFileReference; lastKnownFileType = folder.assetcatalog; path = Assets.xcassets; sourceTree = "<group>"; };
		EFDFA84F2773E1B400F04C77 /* Base */ = {isa = PBXFileReference; lastKnownFileType = file.storyboard; name = Base; path = Base.lproj/LaunchScreen.storyboard; sourceTree = "<group>"; };
		EFDFA8562773E28D00F04C77 /* GameSprite.swift */ = {isa = PBXFileReference; lastKnownFileType = sourcecode.swift; path = GameSprite.swift; sourceTree = "<group>"; };
		EFDFA8582773E9D500F04C77 /* Player1.swift */ = {isa = PBXFileReference; lastKnownFileType = sourcecode.swift; path = Player1.swift; sourceTree = "<group>"; };
		EFDFA85A2774CBCE00F04C77 /* ArenaBoundary.swift */ = {isa = PBXFileReference; lastKnownFileType = sourcecode.swift; path = ArenaBoundary.swift; sourceTree = "<group>"; };
		EFDFA85C2775280600F04C77 /* Player2.swift */ = {isa = PBXFileReference; lastKnownFileType = sourcecode.swift; path = Player2.swift; sourceTree = "<group>"; };
		EFDFA85E2775700E00F04C77 /* Bullet.swift */ = {isa = PBXFileReference; lastKnownFileType = sourcecode.swift; path = Bullet.swift; sourceTree = "<group>"; };
		EFDFA8602776670300F04C77 /* MenuScene.swift */ = {isa = PBXFileReference; lastKnownFileType = sourcecode.swift; path = MenuScene.swift; sourceTree = "<group>"; };
/* End PBXFileReference section */

/* Begin PBXFrameworksBuildPhase section */
		EFDFA8392773E1B400F04C77 /* Frameworks */ = {
			isa = PBXFrameworksBuildPhase;
			buildActionMask = 2147483647;
			files = (
			);
			runOnlyForDeploymentPostprocessing = 0;
		};
/* End PBXFrameworksBuildPhase section */

/* Begin PBXGroup section */
		EFDFA8332773E1B400F04C77 = {
			isa = PBXGroup;
			children = (
				EFDFA83E2773E1B400F04C77 /* MainGame */,
				EFDFA83D2773E1B400F04C77 /* Products */,
			);
			sourceTree = "<group>";
		};
		EFDFA83D2773E1B400F04C77 /* Products */ = {
			isa = PBXGroup;
			children = (
				EFDFA83C2773E1B400F04C77 /* MainGame.app */,
			);
			name = Products;
			sourceTree = "<group>";
		};
		EFDFA83E2773E1B400F04C77 /* MainGame */ = {
			isa = PBXGroup;
			children = (
				EFDFA83F2773E1B400F04C77 /* AppDelegate.swift */,
				EFDFA8412773E1B400F04C77 /* GameScene.sks */,
				EFDFA8432773E1B400F04C77 /* Actions.sks */,
				EFDFA8452773E1B400F04C77 /* GameScene.swift */,
				EFDFA85A2774CBCE00F04C77 /* ArenaBoundary.swift */,
				EFDFA85E2775700E00F04C77 /* Bullet.swift */,
				EFDFA8562773E28D00F04C77 /* GameSprite.swift */,
				EFDFA8472773E1B400F04C77 /* GameViewController.swift */,
				EFDFA8602776670300F04C77 /* MenuScene.swift */,
				EFDFA8582773E9D500F04C77 /* Player1.swift */,
				EFDFA85C2775280600F04C77 /* Player2.swift */,
				EF1AD87A2776C59300B47C31 /* ParticlePool.swift */,
				EF1AD8782776C4DB00B47C31 /* BulletExplosion.sks */,
				EFDFA8492773E1B400F04C77 /* Main.storyboard */,
				EFDFA84C2773E1B400F04C77 /* Assets.xcassets */,
				EF1AD8752776BE6C00B47C31 /* Assets.xcassets */,
				EFDFA84E2773E1B400F04C77 /* LaunchScreen.storyboard */,
			);
			path = MainGame;
			sourceTree = "<group>";
		};
/* End PBXGroup section */

/* Begin PBXNativeTarget section */
		EFDFA83B2773E1B400F04C77 /* MainGame */ = {
			isa = PBXNativeTarget;
			buildConfigurationList = EFDFA8532773E1B400F04C77 /* Build configuration list for PBXNativeTarget "MainGame" */;
			buildPhases = (
				EFDFA8382773E1B400F04C77 /* Sources */,
				EFDFA8392773E1B400F04C77 /* Frameworks */,
				EFDFA83A2773E1B400F04C77 /* Resources */,
			);
			buildRules = (
			);
			dependencies = (
			);
			name = MainGame;
			productName = MainGame;
			productReference = EFDFA83C2773E1B400F04C77 /* MainGame.app */;
			productType = "com.apple.product-type.application";
		};
/* End PBXNativeTarget section */

/* Begin PBXProject section */
		EFDFA8342773E1B400F04C77 /* Project object */ = {
			isa = PBXProject;
			attributes = {
				BuildIndependentTargetsInParallel = 1;
				LastSwiftUpdateCheck = 1320;
				LastUpgradeCheck = 1320;
				TargetAttributes = {
					EFDFA83B2773E1B400F04C77 = {
						CreatedOnToolsVersion = 13.2.1;
					};
				};
			};
			buildConfigurationList = EFDFA8372773E1B400F04C77 /* Build configuration list for PBXProject "MainGame" */;
			compatibilityVersion = "Xcode 13.0";
			developmentRegion = en;
			hasScannedForEncodings = 0;
			knownRegions = (
				en,
				Base,
			);
			mainGroup = EFDFA8332773E1B400F04C77;
			productRefGroup = EFDFA83D2773E1B400F04C77 /* Products */;
			projectDirPath = "";
			projectRoot = "";
			targets = (
				EFDFA83B2773E1B400F04C77 /* MainGame */,
			);
		};
/* End PBXProject section */

/* Begin PBXResourcesBuildPhase section */
		EFDFA83A2773E1B400F04C77 /* Resources */ = {
			isa = PBXResourcesBuildPhase;
			buildActionMask = 2147483647;
			files = (
				EFDFA84B2773E1B400F04C77 /* Main.storyboard in Resources */,
				EFDFA8422773E1B400F04C77 /* GameScene.sks in Resources */,
				EFDFA84D2773E1B400F04C77 /* Assets.xcassets in Resources */,
				EF1AD8772776BE6C00B47C31 /* Assets.xcassets in Resources */,
				EFDFA8502773E1B400F04C77 /* LaunchScreen.storyboard in Resources */,
				EFDFA8442773E1B400F04C77 /* Actions.sks in Resources */,
				EF1AD8792776C4DB00B47C31 /* BulletExplosion.sks in Resources */,
			);
			runOnlyForDeploymentPostprocessing = 0;
		};
/* End PBXResourcesBuildPhase section */

/* Begin PBXSourcesBuildPhase section */
		EFDFA8382773E1B400F04C77 /* Sources */ = {
			isa = PBXSourcesBuildPhase;
			buildActionMask = 2147483647;
			files = (
				EFDFA8572773E28D00F04C77 /* GameSprite.swift in Sources */,
				EFDFA8462773E1B400F04C77 /* GameScene.swift in Sources */,
				EFDFA85D2775280600F04C77 /* Player2.swift in Sources */,
				EFDFA8612776670300F04C77 /* MenuScene.swift in Sources */,
				EFDFA8482773E1B400F04C77 /* GameViewController.swift in Sources */,
				EFDFA8592773E9D500F04C77 /* Player1.swift in Sources */,
				EFDFA8402773E1B400F04C77 /* AppDelegate.swift in Sources */,
				EFDFA85B2774CBCE00F04C77 /* ArenaBoundary.swift in Sources */,
				EFDFA85F2775700E00F04C77 /* Bullet.swift in Sources */,
				EF1AD87B2776C59300B47C31 /* ParticlePool.swift in Sources */,
			);
			runOnlyForDeploymentPostprocessing = 0;
		};
/* End PBXSourcesBuildPhase section */

/* Begin PBXVariantGroup section */
		EFDFA8492773E1B400F04C77 /* Main.storyboard */ = {
			isa = PBXVariantGroup;
			children = (
				EFDFA84A2773E1B400F04C77 /* Base */,
			);
			name = Main.storyboard;
			sourceTree = "<group>";
		};
		EFDFA84E2773E1B400F04C77 /* LaunchScreen.storyboard */ = {
			isa = PBXVariantGroup;
			children = (
				EFDFA84F2773E1B400F04C77 /* Base */,
			);
			name = LaunchScreen.storyboard;
			sourceTree = "<group>";
		};
/* End PBXVariantGroup section */

/* Begin XCBuildConfiguration section */
		EFDFA8512773E1B400F04C77 /* Debug */ = {
			isa = XCBuildConfiguration;
			buildSettings = {
				ALWAYS_SEARCH_USER_PATHS = NO;
				CLANG_ANALYZER_NONNULL = YES;
				CLANG_ANALYZER_NUMBER_OBJECT_CONVERSION = YES_AGGRESSIVE;
				CLANG_CXX_LANGUAGE_STANDARD = "gnu++17";
				CLANG_CXX_LIBRARY = "libc++";
				CLANG_ENABLE_MODULES = YES;
				CLANG_ENABLE_OBJC_ARC = YES;
				CLANG_ENABLE_OBJC_WEAK = YES;
				CLANG_WARN_BLOCK_CAPTURE_AUTORELEASING = YES;
				CLANG_WARN_BOOL_CONVERSION = YES;
				CLANG_WARN_COMMA = YES;
				CLANG_WARN_CONSTANT_CONVERSION = YES;
				CLANG_WARN_DEPRECATED_OBJC_IMPLEMENTATIONS = YES;
				CLANG_WARN_DIRECT_OBJC_ISA_USAGE = YES_ERROR;
				CLANG_WARN_DOCUMENTATION_COMMENTS = YES;
				CLANG_WARN_EMPTY_BODY = YES;
				CLANG_WARN_ENUM_CONVERSION = YES;
				CLANG_WARN_INFINITE_RECURSION = YES;
				CLANG_WARN_INT_CONVERSION = YES;
				CLANG_WARN_NON_LITERAL_NULL_CONVERSION = YES;
				CLANG_WARN_OBJC_IMPLICIT_RETAIN_SELF = YES;
				CLANG_WARN_OBJC_LITERAL_CONVERSION = YES;
				CLANG_WARN_OBJC_ROOT_CLASS = YES_ERROR;
				CLANG_WARN_QUOTED_INCLUDE_IN_FRAMEWORK_HEADER = YES;
				CLANG_WARN_RANGE_LOOP_ANALYSIS = YES;
				CLANG_WARN_STRICT_PROTOTYPES = YES;
				CLANG_WARN_SUSPICIOUS_MOVE = YES;
				CLANG_WARN_UNGUARDED_AVAILABILITY = YES_AGGRESSIVE;
				CLANG_WARN_UNREACHABLE_CODE = YES;
				CLANG_WARN__DUPLICATE_METHOD_MATCH = YES;
				COPY_PHASE_STRIP = NO;
				DEBUG_INFORMATION_FORMAT = dwarf;
				ENABLE_STRICT_OBJC_MSGSEND = YES;
				ENABLE_TESTABILITY = YES;
				GCC_C_LANGUAGE_STANDARD = gnu11;
				GCC_DYNAMIC_NO_PIC = NO;
				GCC_NO_COMMON_BLOCKS = YES;
				GCC_OPTIMIZATION_LEVEL = 0;
				GCC_PREPROCESSOR_DEFINITIONS = (
					"DEBUG=1",
					"$(inherited)",
				);
				GCC_WARN_64_TO_32_BIT_CONVERSION = YES;
				GCC_WARN_ABOUT_RETURN_TYPE = YES_ERROR;
				GCC_WARN_UNDECLARED_SELECTOR = YES;
				GCC_WARN_UNINITIALIZED_AUTOS = YES_AGGRESSIVE;
				GCC_WARN_UNUSED_FUNCTION = YES;
				GCC_WARN_UNUSED_VARIABLE = YES;
				IPHONEOS_DEPLOYMENT_TARGET = 15.2;
				MTL_ENABLE_DEBUG_INFO = INCLUDE_SOURCE;
				MTL_FAST_MATH = YES;
				ONLY_ACTIVE_ARCH = YES;
				SDKROOT = iphoneos;
				SWIFT_ACTIVE_COMPILATION_CONDITIONS = DEBUG;
				SWIFT_OPTIMIZATION_LEVEL = "-Onone";
			};
			name = Debug;
		};
		EFDFA8522773E1B400F04C77 /* Release */ = {
			isa = XCBuildConfiguration;
			buildSettings = {
				ALWAYS_SEARCH_USER_PATHS = NO;
				CLANG_ANALYZER_NONNULL = YES;
				CLANG_ANALYZER_NUMBER_OBJECT_CONVERSION = YES_AGGRESSIVE;
				CLANG_CXX_LANGUAGE_STANDARD = "gnu++17";
				CLANG_CXX_LIBRARY = "libc++";
				CLANG_ENABLE_MODULES = YES;
				CLANG_ENABLE_OBJC_ARC = YES;
				CLANG_ENABLE_OBJC_WEAK = YES;
				CLANG_WARN_BLOCK_CAPTURE_AUTORELEASING = YES;
				CLANG_WARN_BOOL_CONVERSION = YES;
				CLANG_WARN_COMMA = YES;
				CLANG_WARN_CONSTANT_CONVERSION = YES;
				CLANG_WARN_DEPRECATED_OBJC_IMPLEMENTATIONS = YES;
				CLANG_WARN_DIRECT_OBJC_ISA_USAGE = YES_ERROR;
				CLANG_WARN_DOCUMENTATION_COMMENTS = YES;
				CLANG_WARN_EMPTY_BODY = YES;
				CLANG_WARN_ENUM_CONVERSION = YES;
				CLANG_WARN_INFINITE_RECURSION = YES;
				CLANG_WARN_INT_CONVERSION = YES;
				CLANG_WARN_NON_LITERAL_NULL_CONVERSION = YES;
				CLANG_WARN_OBJC_IMPLICIT_RETAIN_SELF = YES;
				CLANG_WARN_OBJC_LITERAL_CONVERSION = YES;
				CLANG_WARN_OBJC_ROOT_CLASS = YES_ERROR;
				CLANG_WARN_QUOTED_INCLUDE_IN_FRAMEWORK_HEADER = YES;
				CLANG_WARN_RANGE_LOOP_ANALYSIS = YES;
				CLANG_WARN_STRICT_PROTOTYPES = YES;
				CLANG_WARN_SUSPICIOUS_MOVE = YES;
				CLANG_WARN_UNGUARDED_AVAILABILITY = YES_AGGRESSIVE;
				CLANG_WARN_UNREACHABLE_CODE = YES;
				CLANG_WARN__DUPLICATE_METHOD_MATCH = YES;
				COPY_PHASE_STRIP = NO;
				DEBUG_INFORMATION_FORMAT = "dwarf-with-dsym";
				ENABLE_NS_ASSERTIONS = NO;
				ENABLE_STRICT_OBJC_MSGSEND = YES;
				GCC_C_LANGUAGE_STANDARD = gnu11;
				GCC_NO_COMMON_BLOCKS = YES;
				GCC_WARN_64_TO_32_BIT_CONVERSION = YES;
				GCC_WARN_ABOUT_RETURN_TYPE = YES_ERROR;
				GCC_WARN_UNDECLARED_SELECTOR = YES;
				GCC_WARN_UNINITIALIZED_AUTOS = YES_AGGRESSIVE;
				GCC_WARN_UNUSED_FUNCTION = YES;
				GCC_WARN_UNUSED_VARIABLE = YES;
				IPHONEOS_DEPLOYMENT_TARGET = 15.2;
				MTL_ENABLE_DEBUG_INFO = NO;
				MTL_FAST_MATH = YES;
				SDKROOT = iphoneos;
				SWIFT_COMPILATION_MODE = wholemodule;
				SWIFT_OPTIMIZATION_LEVEL = "-O";
				VALIDATE_PRODUCT = YES;
			};
			name = Release;
		};
		EFDFA8542773E1B400F04C77 /* Debug */ = {
			isa = XCBuildConfiguration;
			buildSettings = {
				ASSETCATALOG_COMPILER_APPICON_NAME = AppIcon;
				ASSETCATALOG_COMPILER_GLOBAL_ACCENT_COLOR_NAME = AccentColor;
				CODE_SIGN_STYLE = Automatic;
				CURRENT_PROJECT_VERSION = 1;
				DEVELOPMENT_TEAM = YDFZ67KB5Z;
				GENERATE_INFOPLIST_FILE = YES;
				INFOPLIST_KEY_UIApplicationSupportsIndirectInputEvents = YES;
				INFOPLIST_KEY_UILaunchStoryboardName = LaunchScreen;
				INFOPLIST_KEY_UIMainStoryboardFile = Main;
				INFOPLIST_KEY_UIStatusBarHidden = YES;
				INFOPLIST_KEY_UISupportedInterfaceOrientations_iPad = "UIInterfaceOrientationPortrait UIInterfaceOrientationPortraitUpsideDown UIInterfaceOrientationLandscapeLeft UIInterfaceOrientationLandscapeRight";
				INFOPLIST_KEY_UISupportedInterfaceOrientations_iPhone = "UIInterfaceOrientationPortrait UIInterfaceOrientationLandscapeLeft UIInterfaceOrientationLandscapeRight";
				LD_RUNPATH_SEARCH_PATHS = (
					"$(inherited)",
					"@executable_path/Frameworks",
				);
				MARKETING_VERSION = 1.0;
				PRODUCT_BUNDLE_IDENTIFIER = personalProject.MainGame;
				PRODUCT_NAME = "$(TARGET_NAME)";
				SWIFT_EMIT_LOC_STRINGS = YES;
				SWIFT_VERSION = 5.0;
				TARGETED_DEVICE_FAMILY = "1,2";
			};
			name = Debug;
		};
		EFDFA8552773E1B400F04C77 /* Release */ = {
			isa = XCBuildConfiguration;
			buildSettings = {
				ASSETCATALOG_COMPILER_APPICON_NAME = AppIcon;
				ASSETCATALOG_COMPILER_GLOBAL_ACCENT_COLOR_NAME = AccentColor;
				CODE_SIGN_STYLE = Automatic;
				CURRENT_PROJECT_VERSION = 1;
				DEVELOPMENT_TEAM = YDFZ67KB5Z;
				GENERATE_INFOPLIST_FILE = YES;
				INFOPLIST_KEY_UIApplicationSupportsIndirectInputEvents = YES;
				INFOPLIST_KEY_UILaunchStoryboardName = LaunchScreen;
				INFOPLIST_KEY_UIMainStoryboardFile = Main;
				INFOPLIST_KEY_UIStatusBarHidden = YES;
				INFOPLIST_KEY_UISupportedInterfaceOrientations_iPad = "UIInterfaceOrientationPortrait UIInterfaceOrientationPortraitUpsideDown UIInterfaceOrientationLandscapeLeft UIInterfaceOrientationLandscapeRight";
				INFOPLIST_KEY_UISupportedInterfaceOrientations_iPhone = "UIInterfaceOrientationPortrait UIInterfaceOrientationLandscapeLeft UIInterfaceOrientationLandscapeRight";
				LD_RUNPATH_SEARCH_PATHS = (
					"$(inherited)",
					"@executable_path/Frameworks",
				);
				MARKETING_VERSION = 1.0;
				PRODUCT_BUNDLE_IDENTIFIER = personalProject.MainGame;
				PRODUCT_NAME = "$(TARGET_NAME)";
				SWIFT_EMIT_LOC_STRINGS = YES;
				SWIFT_VERSION = 5.0;
				TARGETED_DEVICE_FAMILY = "1,2";
			};
			name = Release;
		};
/* End XCBuildConfiguration section */

/* Begin XCConfigurationList section */
		EFDFA8372773E1B400F04C77 /* Build configuration list for PBXProject "MainGame" */ = {
			isa = XCConfigurationList;
			buildConfigurations = (
				EFDFA8512773E1B400F04C77 /* Debug */,
				EFDFA8522773E1B400F04C77 /* Release */,
			);
			defaultConfigurationIsVisible = 0;
			defaultConfigurationName = Release;
		};
		EFDFA8532773E1B400F04C77 /* Build configuration list for PBXNativeTarget "MainGame" */ = {
			isa = XCConfigurationList;
			buildConfigurations = (
				EFDFA8542773E1B400F04C77 /* Debug */,
				EFDFA8552773E1B400F04C77 /* Release */,
			);
			defaultConfigurationIsVisible = 0;
			defaultConfigurationName = Release;
		};
/* End XCConfigurationList section */
	};
	rootObject = EFDFA8342773E1B400F04C77 /* Project object */;
}
